
Microsoft Visual Studio Solution File, Format Version 12.00
# Visual Studio Version 16
VisualStudioVersion = 16.0.31729.503
MinimumVisualStudioVersion = 10.0.40219.1
Project("{FAE04EC0-301F-11D3-BF4B-00C04F79EFBC}") = "PokerFan", "PokerFan\PokerFan.csproj", "{2B78C85A-583D-44B8-BCEC-9E4639D58248}"
EndProject
Global
	GlobalSection(SolutionConfigurationPlatforms) = preSolution
		Debug|Any CPU = Debug|Any CPU
		Release|Any CPU = Release|Any CPU
	EndGlobalSection
	GlobalSection(ProjectConfigurationPlatforms) = postSolution
		{2B78C85A-583D-44B8-BCEC-9E4639D58248}.Debug|Any CPU.ActiveCfg = Debug|Any CPU
		{2B78C85A-583D-44B8-BCEC-9E4639D58248}.Debug|Any CPU.Build.0 = Debug|Any CPU
		{2B78C85A-583D-44B8-BCEC-9E4639D58248}.Release|Any CPU.ActiveCfg = Release|Any CPU
		{2B78C85A-583D-44B8-BCEC-9E4639D58248}.Release|Any CPU.Build.0 = Release|Any CPU
	EndGlobalSection
	GlobalSection(SolutionProperties) = preSolution
		HideSolutionNode = FALSE
	EndGlobalSection
	GlobalSection(ExtensibilityGlobals) = postSolution
		SolutionGuid = {30FAA668-6083-43C0-AE0A-B3295EC8F381}
	EndGlobalSection
EndGlobal
